
Microsoft Visual Studio Solution File, Format Version 12.00
# Visual Studio Version 16
VisualStudioVersion = 16.0.30517.126
MinimumVisualStudioVersion = 10.0.40219.1
Project("{FAE04EC0-301F-11D3-BF4B-00C04F79EFBC}") = "WebApi.SBS", "WebApi.SBS\WebApi.SBS.csproj", "{226B11EA-1883-4088-B34C-E006DAE87E8A}"
EndProject
Project("{FAE04EC0-301F-11D3-BF4B-00C04F79EFBC}") = "WebApi.SBS.ApplicationCore", "WebApi.SBS.ApplicationCore\WebApi.SBS.ApplicationCore.csproj", "{1EADADA2-DC6D-4060-8F76-7E02D818B51F}"
EndProject
Project("{FAE04EC0-301F-11D3-BF4B-00C04F79EFBC}") = "WebApi.SBS.Infrastructure", "WebApi.SBS.Infrastructure\WebApi.SBS.Infrastructure.csproj", "{7F513F98-4DC9-4547-9A8F-FB2A5EB13223}"
EndProject
Global
	GlobalSection(SolutionConfigurationPlatforms) = preSolution
		Debug|Any CPU = Debug|Any CPU
		Release|Any CPU = Release|Any CPU
	EndGlobalSection
	GlobalSection(ProjectConfigurationPlatforms) = postSolution
		{226B11EA-1883-4088-B34C-E006DAE87E8A}.Debug|Any CPU.ActiveCfg = Debug|Any CPU
		{226B11EA-1883-4088-B34C-E006DAE87E8A}.Debug|Any CPU.Build.0 = Debug|Any CPU
		{226B11EA-1883-4088-B34C-E006DAE87E8A}.Release|Any CPU.ActiveCfg = Release|Any CPU
		{226B11EA-1883-4088-B34C-E006DAE87E8A}.Release|Any CPU.Build.0 = Release|Any CPU
		{1EADADA2-DC6D-4060-8F76-7E02D818B51F}.Debug|Any CPU.ActiveCfg = Debug|Any CPU
		{1EADADA2-DC6D-4060-8F76-7E02D818B51F}.Debug|Any CPU.Build.0 = Debug|Any CPU
		{1EADADA2-DC6D-4060-8F76-7E02D818B51F}.Release|Any CPU.ActiveCfg = Release|Any CPU
		{1EADADA2-DC6D-4060-8F76-7E02D818B51F}.Release|Any CPU.Build.0 = Release|Any CPU
		{7F513F98-4DC9-4547-9A8F-FB2A5EB13223}.Debug|Any CPU.ActiveCfg = Debug|Any CPU
		{7F513F98-4DC9-4547-9A8F-FB2A5EB13223}.Debug|Any CPU.Build.0 = Debug|Any CPU
		{7F513F98-4DC9-4547-9A8F-FB2A5EB13223}.Release|Any CPU.ActiveCfg = Release|Any CPU
		{7F513F98-4DC9-4547-9A8F-FB2A5EB13223}.Release|Any CPU.Build.0 = Release|Any CPU
	EndGlobalSection
	GlobalSection(SolutionProperties) = preSolution
		HideSolutionNode = FALSE
	EndGlobalSection
	GlobalSection(ExtensibilityGlobals) = postSolution
		SolutionGuid = {4ECE7723-9B07-4DDA-9F90-60B3F7230EA1}
	EndGlobalSection
EndGlobal
